
Microsoft Visual Studio Solution File, Format Version 12.00
# Visual Studio Version 16
VisualStudioVersion = 16.0.33130.400
MinimumVisualStudioVersion = 10.0.40219.1
Project("{FAE04EC0-301F-11D3-BF4B-00C04F79EFBC}") = "Arrays", "Arrays\Arrays.csproj", "{CE201A18-84E0-487F-96BC-DFA8CB3AE818}"
EndProject
Global
	GlobalSection(SolutionConfigurationPlatforms) = preSolution
		Debug|Any CPU = Debug|Any CPU
		Release|Any CPU = Release|Any CPU
	EndGlobalSection
	GlobalSection(ProjectConfigurationPlatforms) = postSolution
		{CE201A18-84E0-487F-96BC-DFA8CB3AE818}.Debug|Any CPU.ActiveCfg = Debug|Any CPU
		{CE201A18-84E0-487F-96BC-DFA8CB3AE818}.Debug|Any CPU.Build.0 = Debug|Any CPU
		{CE201A18-84E0-487F-96BC-DFA8CB3AE818}.Release|Any CPU.ActiveCfg = Release|Any CPU
		{CE201A18-84E0-487F-96BC-DFA8CB3AE818}.Release|Any CPU.Build.0 = Release|Any CPU
	EndGlobalSection
	GlobalSection(SolutionProperties) = preSolution
		HideSolutionNode = FALSE
	EndGlobalSection
	GlobalSection(ExtensibilityGlobals) = postSolution
		SolutionGuid = {4A4C4848-D751-4521-9A45-17F2E36D7C39}
	EndGlobalSection
EndGlobal
