
Microsoft Visual Studio Solution File, Format Version 12.00
# Visual Studio Version 16
VisualStudioVersion = 16.0.33130.400
MinimumVisualStudioVersion = 10.0.40219.1
Project("{FAE04EC0-301F-11D3-BF4B-00C04F79EFBC}") = "Asp.net3", "Asp.net3\Asp.net3.csproj", "{2C5CC964-6729-4134-AFE9-5E91986419E9}"
EndProject
Global
	GlobalSection(SolutionConfigurationPlatforms) = preSolution
		Debug|Any CPU = Debug|Any CPU
		Release|Any CPU = Release|Any CPU
	EndGlobalSection
	GlobalSection(ProjectConfigurationPlatforms) = postSolution
		{2C5CC964-6729-4134-AFE9-5E91986419E9}.Debug|Any CPU.ActiveCfg = Debug|Any CPU
		{2C5CC964-6729-4134-AFE9-5E91986419E9}.Debug|Any CPU.Build.0 = Debug|Any CPU
		{2C5CC964-6729-4134-AFE9-5E91986419E9}.Release|Any CPU.ActiveCfg = Release|Any CPU
		{2C5CC964-6729-4134-AFE9-5E91986419E9}.Release|Any CPU.Build.0 = Release|Any CPU
	EndGlobalSection
	GlobalSection(SolutionProperties) = preSolution
		HideSolutionNode = FALSE
	EndGlobalSection
	GlobalSection(ExtensibilityGlobals) = postSolution
		SolutionGuid = {8BD6227F-2D74-4747-8C45-EF354711CAA4}
	EndGlobalSection
EndGlobal
