
Microsoft Visual Studio Solution File, Format Version 12.00
# Visual Studio Version 16
VisualStudioVersion = 16.0.33130.400
MinimumVisualStudioVersion = 10.0.40219.1
Project("{FAE04EC0-301F-11D3-BF4B-00C04F79EFBC}") = "asp_practice4", "asp_practice4\asp_practice4.csproj", "{798377E6-D01F-4222-AF6C-F6E986D9432A}"
EndProject
Global
	GlobalSection(SolutionConfigurationPlatforms) = preSolution
		Debug|Any CPU = Debug|Any CPU
		Release|Any CPU = Release|Any CPU
	EndGlobalSection
	GlobalSection(ProjectConfigurationPlatforms) = postSolution
		{798377E6-D01F-4222-AF6C-F6E986D9432A}.Debug|Any CPU.ActiveCfg = Debug|Any CPU
		{798377E6-D01F-4222-AF6C-F6E986D9432A}.Debug|Any CPU.Build.0 = Debug|Any CPU
		{798377E6-D01F-4222-AF6C-F6E986D9432A}.Release|Any CPU.ActiveCfg = Release|Any CPU
		{798377E6-D01F-4222-AF6C-F6E986D9432A}.Release|Any CPU.Build.0 = Release|Any CPU
	EndGlobalSection
	GlobalSection(SolutionProperties) = preSolution
		HideSolutionNode = FALSE
	EndGlobalSection
	GlobalSection(ExtensibilityGlobals) = postSolution
		SolutionGuid = {E3C58C9A-EF51-4A7B-BCD1-F1C41134BE38}
	EndGlobalSection
EndGlobal
