
Microsoft Visual Studio Solution File, Format Version 12.00
# Visual Studio Version 16
VisualStudioVersion = 16.0.33130.400
MinimumVisualStudioVersion = 10.0.40219.1
Project("{FAE04EC0-301F-11D3-BF4B-00C04F79EFBC}") = "insert_try_catch", "insert_try_catch\insert_try_catch.csproj", "{99788B93-733E-4229-8FA3-94F3CBB27428}"
EndProject
Global
	GlobalSection(SolutionConfigurationPlatforms) = preSolution
		Debug|Any CPU = Debug|Any CPU
		Release|Any CPU = Release|Any CPU
	EndGlobalSection
	GlobalSection(ProjectConfigurationPlatforms) = postSolution
		{99788B93-733E-4229-8FA3-94F3CBB27428}.Debug|Any CPU.ActiveCfg = Debug|Any CPU
		{99788B93-733E-4229-8FA3-94F3CBB27428}.Debug|Any CPU.Build.0 = Debug|Any CPU
		{99788B93-733E-4229-8FA3-94F3CBB27428}.Release|Any CPU.ActiveCfg = Release|Any CPU
		{99788B93-733E-4229-8FA3-94F3CBB27428}.Release|Any CPU.Build.0 = Release|Any CPU
	EndGlobalSection
	GlobalSection(SolutionProperties) = preSolution
		HideSolutionNode = FALSE
	EndGlobalSection
	GlobalSection(ExtensibilityGlobals) = postSolution
		SolutionGuid = {19527DB9-0BB3-4464-8BC2-DB68BD6BF460}
	EndGlobalSection
EndGlobal
