
Microsoft Visual Studio Solution File, Format Version 12.00
# Visual Studio Version 16
VisualStudioVersion = 16.0.33130.400
MinimumVisualStudioVersion = 10.0.40219.1
Project("{FAE04EC0-301F-11D3-BF4B-00C04F79EFBC}") = "logics4", "logics4\logics4.csproj", "{FAF25167-7914-447D-BD61-739E12E2CDE1}"
EndProject
Global
	GlobalSection(SolutionConfigurationPlatforms) = preSolution
		Debug|Any CPU = Debug|Any CPU
		Release|Any CPU = Release|Any CPU
	EndGlobalSection
	GlobalSection(ProjectConfigurationPlatforms) = postSolution
		{FAF25167-7914-447D-BD61-739E12E2CDE1}.Debug|Any CPU.ActiveCfg = Debug|Any CPU
		{FAF25167-7914-447D-BD61-739E12E2CDE1}.Debug|Any CPU.Build.0 = Debug|Any CPU
		{FAF25167-7914-447D-BD61-739E12E2CDE1}.Release|Any CPU.ActiveCfg = Release|Any CPU
		{FAF25167-7914-447D-BD61-739E12E2CDE1}.Release|Any CPU.Build.0 = Release|Any CPU
	EndGlobalSection
	GlobalSection(SolutionProperties) = preSolution
		HideSolutionNode = FALSE
	EndGlobalSection
	GlobalSection(ExtensibilityGlobals) = postSolution
		SolutionGuid = {6DAA1D31-5B5F-4289-8203-7A1A4901571D}
	EndGlobalSection
EndGlobal
