
Microsoft Visual Studio Solution File, Format Version 12.00
# Visual Studio Version 16
VisualStudioVersion = 16.0.33130.400
MinimumVisualStudioVersion = 10.0.40219.1
Project("{FAE04EC0-301F-11D3-BF4B-00C04F79EFBC}") = "Oops_1", "Oops_1\Oops_1.csproj", "{75E074BC-3732-408E-8201-AD92768137A7}"
EndProject
Global
	GlobalSection(SolutionConfigurationPlatforms) = preSolution
		Debug|Any CPU = Debug|Any CPU
		Release|Any CPU = Release|Any CPU
	EndGlobalSection
	GlobalSection(ProjectConfigurationPlatforms) = postSolution
		{75E074BC-3732-408E-8201-AD92768137A7}.Debug|Any CPU.ActiveCfg = Debug|Any CPU
		{75E074BC-3732-408E-8201-AD92768137A7}.Debug|Any CPU.Build.0 = Debug|Any CPU
		{75E074BC-3732-408E-8201-AD92768137A7}.Release|Any CPU.ActiveCfg = Release|Any CPU
		{75E074BC-3732-408E-8201-AD92768137A7}.Release|Any CPU.Build.0 = Release|Any CPU
	EndGlobalSection
	GlobalSection(SolutionProperties) = preSolution
		HideSolutionNode = FALSE
	EndGlobalSection
	GlobalSection(ExtensibilityGlobals) = postSolution
		SolutionGuid = {D2CE22BF-6FD6-4D1D-9984-D07751EEC8EA}
	EndGlobalSection
EndGlobal
