
Microsoft Visual Studio Solution File, Format Version 12.00
# Visual Studio Version 16
VisualStudioVersion = 16.0.33130.400
MinimumVisualStudioVersion = 10.0.40219.1
Project("{FAE04EC0-301F-11D3-BF4B-00C04F79EFBC}") = "Oops_4", "Oops_4\Oops_4.csproj", "{464E7A47-BEAD-4BE7-AC14-993F62BABAA9}"
EndProject
Global
	GlobalSection(SolutionConfigurationPlatforms) = preSolution
		Debug|Any CPU = Debug|Any CPU
		Release|Any CPU = Release|Any CPU
	EndGlobalSection
	GlobalSection(ProjectConfigurationPlatforms) = postSolution
		{464E7A47-BEAD-4BE7-AC14-993F62BABAA9}.Debug|Any CPU.ActiveCfg = Debug|Any CPU
		{464E7A47-BEAD-4BE7-AC14-993F62BABAA9}.Debug|Any CPU.Build.0 = Debug|Any CPU
		{464E7A47-BEAD-4BE7-AC14-993F62BABAA9}.Release|Any CPU.ActiveCfg = Release|Any CPU
		{464E7A47-BEAD-4BE7-AC14-993F62BABAA9}.Release|Any CPU.Build.0 = Release|Any CPU
	EndGlobalSection
	GlobalSection(SolutionProperties) = preSolution
		HideSolutionNode = FALSE
	EndGlobalSection
	GlobalSection(ExtensibilityGlobals) = postSolution
		SolutionGuid = {4AFD9C5A-8FEF-4FC5-B02B-1F4AFBE3C2D0}
	EndGlobalSection
EndGlobal
