
Microsoft Visual Studio Solution File, Format Version 12.00
# Visual Studio Version 16
VisualStudioVersion = 16.0.33130.400
MinimumVisualStudioVersion = 10.0.40219.1
Project("{FAE04EC0-301F-11D3-BF4B-00C04F79EFBC}") = "patterns1", "patterns1\patterns1.csproj", "{3B198447-CD26-4EA9-8F49-F6285CB82244}"
EndProject
Global
	GlobalSection(SolutionConfigurationPlatforms) = preSolution
		Debug|Any CPU = Debug|Any CPU
		Release|Any CPU = Release|Any CPU
	EndGlobalSection
	GlobalSection(ProjectConfigurationPlatforms) = postSolution
		{3B198447-CD26-4EA9-8F49-F6285CB82244}.Debug|Any CPU.ActiveCfg = Debug|Any CPU
		{3B198447-CD26-4EA9-8F49-F6285CB82244}.Debug|Any CPU.Build.0 = Debug|Any CPU
		{3B198447-CD26-4EA9-8F49-F6285CB82244}.Release|Any CPU.ActiveCfg = Release|Any CPU
		{3B198447-CD26-4EA9-8F49-F6285CB82244}.Release|Any CPU.Build.0 = Release|Any CPU
	EndGlobalSection
	GlobalSection(SolutionProperties) = preSolution
		HideSolutionNode = FALSE
	EndGlobalSection
	GlobalSection(ExtensibilityGlobals) = postSolution
		SolutionGuid = {72771C47-8382-4456-A75B-14B0B84E414E}
	EndGlobalSection
EndGlobal
